
Microsoft Visual Studio Solution File, Format Version 12.00
# Visual Studio Version 17
VisualStudioVersion = 17.3.32922.545
MinimumVisualStudioVersion = 10.0.40219.1
Project("{FAE04EC0-301F-11D3-BF4B-00C04F79EFBC}") = "TicTacToeAlphaBeta", "TicTacToeAlphaBeta.csproj", "{53B5430B-D0A0-4FD8-86A0-021221FB0A47}"
EndProject
Global
	GlobalSection(SolutionConfigurationPlatforms) = preSolution
		Debug|Any CPU = Debug|Any CPU
		Release|Any CPU = Release|Any CPU
	EndGlobalSection
	GlobalSection(ProjectConfigurationPlatforms) = postSolution
		{53B5430B-D0A0-4FD8-86A0-021221FB0A47}.Debug|Any CPU.ActiveCfg = Debug|Any CPU
		{53B5430B-D0A0-4FD8-86A0-021221FB0A47}.Debug|Any CPU.Build.0 = Debug|Any CPU
		{53B5430B-D0A0-4FD8-86A0-021221FB0A47}.Release|Any CPU.ActiveCfg = Release|Any CPU
		{53B5430B-D0A0-4FD8-86A0-021221FB0A47}.Release|Any CPU.Build.0 = Release|Any CPU
	EndGlobalSection
	GlobalSection(SolutionProperties) = preSolution
		HideSolutionNode = FALSE
	EndGlobalSection
	GlobalSection(ExtensibilityGlobals) = postSolution
		SolutionGuid = {A24957E2-884F-489C-B0B0-D03727B4E57E}
	EndGlobalSection
EndGlobal
